
Microsoft Visual Studio Solution File, Format Version 9.00
# Visual Studio 2005
Project("{8BC9CEB8-8B4A-11D0-8D11-00A0C91BC942}") = "LucidApplicationBuilder", "LucidApplicationBuilder\LucidApplicationBuilder.vcproj", "{6256DBB6-3ABE-48B8-9883-C74878C85475}"
EndProject
Global
	GlobalSection(SolutionConfigurationPlatforms) = preSolution
		Debug|Win32 = Debug|Win32
		Release|Win32 = Release|Win32
	EndGlobalSection
	GlobalSection(ProjectConfigurationPlatforms) = postSolution
		{6256DBB6-3ABE-48B8-9883-C74878C85475}.Debug|Win32.ActiveCfg = Debug|Win32
		{6256DBB6-3ABE-48B8-9883-C74878C85475}.Debug|Win32.Build.0 = Debug|Win32
		{6256DBB6-3ABE-48B8-9883-C74878C85475}.Release|Win32.ActiveCfg = Release|Win32
		{6256DBB6-3ABE-48B8-9883-C74878C85475}.Release|Win32.Build.0 = Release|Win32
	EndGlobalSection
	GlobalSection(SolutionProperties) = preSolution
		HideSolutionNode = FALSE
	EndGlobalSection
EndGlobal
