Microsoft Visual Studio Solution File, Format Version 9.00
# Visual Studio 2005
Project("{8BC9CEB8-8B4A-11D0-8D11-00A0C91BC942}") = "ALL_BUILD", "ALL_BUILD.vcproj", "{C98A40FE-8266-4310-8294-CAFC8C5DBFD3}"
	ProjectSection(ProjectDependencies) = postProject
		{D8C80B71-ED45-4296-8324-6B31710739E8} = {D8C80B71-ED45-4296-8324-6B31710739E8}
		{A443E642-131F-464C-8D5D-89FD3ACF3DEC} = {A443E642-131F-464C-8D5D-89FD3ACF3DEC}
		{AFFF2C4C-E7F5-4E3D-A9F4-90A968F67732} = {AFFF2C4C-E7F5-4E3D-A9F4-90A968F67732}
		{51A05E02-0B5D-462C-ACCC-E36D7BD41586} = {51A05E02-0B5D-462C-ACCC-E36D7BD41586}
		{C3350AC2-C2EA-4BF2-8F84-4B28EBA731E5} = {C3350AC2-C2EA-4BF2-8F84-4B28EBA731E5}
		{A60EE7DA-D383-4E11-AD22-8A07648BB96E} = {A60EE7DA-D383-4E11-AD22-8A07648BB96E}
		{C1D21E7F-B2AD-4288-98D7-7C2EEC433411} = {C1D21E7F-B2AD-4288-98D7-7C2EEC433411}
		{D1D7C92D-8D55-484A-B67B-E3D8CEF9D182} = {D1D7C92D-8D55-484A-B67B-E3D8CEF9D182}
	EndProjectSection
EndProject
Project("{8BC9CEB8-8B4A-11D0-8D11-00A0C91BC942}") = "Continuous", "Continuous.vcproj", "{2D51F328-774D-44FC-976C-8896E8E2F451}"
	ProjectSection(ProjectDependencies) = postProject
		{D8C80B71-ED45-4296-8324-6B31710739E8} = {D8C80B71-ED45-4296-8324-6B31710739E8}
	EndProjectSection
EndProject
Project("{8BC9CEB8-8B4A-11D0-8D11-00A0C91BC942}") = "Experimental", "Experimental.vcproj", "{45D69DFC-E8AD-431B-9400-E658525366AD}"
	ProjectSection(ProjectDependencies) = postProject
		{D8C80B71-ED45-4296-8324-6B31710739E8} = {D8C80B71-ED45-4296-8324-6B31710739E8}
	EndProjectSection
EndProject
Project("{8BC9CEB8-8B4A-11D0-8D11-00A0C91BC942}") = "INSTALL", "INSTALL.vcproj", "{14E44CA7-5500-4DAF-BAB1-23C22C867D18}"
	ProjectSection(ProjectDependencies) = postProject
		{C98A40FE-8266-4310-8294-CAFC8C5DBFD3} = {C98A40FE-8266-4310-8294-CAFC8C5DBFD3}
	EndProjectSection
EndProject
Project("{8BC9CEB8-8B4A-11D0-8D11-00A0C91BC942}") = "Nightly", "Nightly.vcproj", "{BA1CBA9D-A152-487D-91DC-8F4EA50E71BC}"
	ProjectSection(ProjectDependencies) = postProject
		{D8C80B71-ED45-4296-8324-6B31710739E8} = {D8C80B71-ED45-4296-8324-6B31710739E8}
	EndProjectSection
EndProject
Project("{8BC9CEB8-8B4A-11D0-8D11-00A0C91BC942}") = "NightlyMemoryCheck", "NightlyMemoryCheck.vcproj", "{C8A910EC-046C-495D-ABF4-3C9D9257248C}"
	ProjectSection(ProjectDependencies) = postProject
		{D8C80B71-ED45-4296-8324-6B31710739E8} = {D8C80B71-ED45-4296-8324-6B31710739E8}
	EndProjectSection
EndProject
Project("{8BC9CEB8-8B4A-11D0-8D11-00A0C91BC942}") = "RUN_TESTS", "RUN_TESTS.vcproj", "{2E8517E5-B383-4E5E-A30D-37EB4C3930C1}"
	ProjectSection(ProjectDependencies) = postProject
	EndProjectSection
EndProject
Project("{8BC9CEB8-8B4A-11D0-8D11-00A0C91BC942}") = "ZERO_CHECK", "ZERO_CHECK.vcproj", "{D8C80B71-ED45-4296-8324-6B31710739E8}"
	ProjectSection(ProjectDependencies) = postProject
	EndProjectSection
EndProject
Project("{8BC9CEB8-8B4A-11D0-8D11-00A0C91BC942}") = "archive", "libarchive\archive.vcproj", "{A443E642-131F-464C-8D5D-89FD3ACF3DEC}"
	ProjectSection(ProjectDependencies) = postProject
		{D8C80B71-ED45-4296-8324-6B31710739E8} = {D8C80B71-ED45-4296-8324-6B31710739E8}
	EndProjectSection
EndProject
Project("{8BC9CEB8-8B4A-11D0-8D11-00A0C91BC942}") = "archive_static", "libarchive\archive_static.vcproj", "{AFFF2C4C-E7F5-4E3D-A9F4-90A968F67732}"
	ProjectSection(ProjectDependencies) = postProject
		{D8C80B71-ED45-4296-8324-6B31710739E8} = {D8C80B71-ED45-4296-8324-6B31710739E8}
	EndProjectSection
EndProject
Project("{8BC9CEB8-8B4A-11D0-8D11-00A0C91BC942}") = "bsdcpio", "cpio\bsdcpio.vcproj", "{51A05E02-0B5D-462C-ACCC-E36D7BD41586}"
	ProjectSection(ProjectDependencies) = postProject
		{D8C80B71-ED45-4296-8324-6B31710739E8} = {D8C80B71-ED45-4296-8324-6B31710739E8}
		{A443E642-131F-464C-8D5D-89FD3ACF3DEC} = {A443E642-131F-464C-8D5D-89FD3ACF3DEC}
	EndProjectSection
EndProject
Project("{8BC9CEB8-8B4A-11D0-8D11-00A0C91BC942}") = "bsdcpio_test", "cpio\test\bsdcpio_test.vcproj", "{C3350AC2-C2EA-4BF2-8F84-4B28EBA731E5}"
	ProjectSection(ProjectDependencies) = postProject
		{D8C80B71-ED45-4296-8324-6B31710739E8} = {D8C80B71-ED45-4296-8324-6B31710739E8}
	EndProjectSection
EndProject
Project("{8BC9CEB8-8B4A-11D0-8D11-00A0C91BC942}") = "bsdtar", "tar\bsdtar.vcproj", "{A60EE7DA-D383-4E11-AD22-8A07648BB96E}"
	ProjectSection(ProjectDependencies) = postProject
		{D8C80B71-ED45-4296-8324-6B31710739E8} = {D8C80B71-ED45-4296-8324-6B31710739E8}
		{A443E642-131F-464C-8D5D-89FD3ACF3DEC} = {A443E642-131F-464C-8D5D-89FD3ACF3DEC}
	EndProjectSection
EndProject
Project("{8BC9CEB8-8B4A-11D0-8D11-00A0C91BC942}") = "bsdtar_test", "tar\test\bsdtar_test.vcproj", "{C1D21E7F-B2AD-4288-98D7-7C2EEC433411}"
	ProjectSection(ProjectDependencies) = postProject
		{D8C80B71-ED45-4296-8324-6B31710739E8} = {D8C80B71-ED45-4296-8324-6B31710739E8}
	EndProjectSection
EndProject
Project("{8BC9CEB8-8B4A-11D0-8D11-00A0C91BC942}") = "libarchive_test", "libarchive\test\libarchive_test.vcproj", "{D1D7C92D-8D55-484A-B67B-E3D8CEF9D182}"
	ProjectSection(ProjectDependencies) = postProject
		{D8C80B71-ED45-4296-8324-6B31710739E8} = {D8C80B71-ED45-4296-8324-6B31710739E8}
		{AFFF2C4C-E7F5-4E3D-A9F4-90A968F67732} = {AFFF2C4C-E7F5-4E3D-A9F4-90A968F67732}
	EndProjectSection
EndProject
Project("{8BC9CEB8-8B4A-11D0-8D11-00A0C91BC942}") = "run_all_tests", "run_all_tests.vcproj", "{A1824246-B5AB-4A4C-BD77-47D5872D30A9}"
	ProjectSection(ProjectDependencies) = postProject
		{D8C80B71-ED45-4296-8324-6B31710739E8} = {D8C80B71-ED45-4296-8324-6B31710739E8}
		{E0EFC301-9265-4F98-974B-C1C7B1D1E1C3} = {E0EFC301-9265-4F98-974B-C1C7B1D1E1C3}
		{DB7A97F8-9368-4251-ABD0-E533EE1BE4B2} = {DB7A97F8-9368-4251-ABD0-E533EE1BE4B2}
		{94693E70-1468-4345-9D32-F1F0B0776F8D} = {94693E70-1468-4345-9D32-F1F0B0776F8D}
	EndProjectSection
EndProject
Project("{8BC9CEB8-8B4A-11D0-8D11-00A0C91BC942}") = "run_bsdcpio_test", "cpio\test\run_bsdcpio_test.vcproj", "{E0EFC301-9265-4F98-974B-C1C7B1D1E1C3}"
	ProjectSection(ProjectDependencies) = postProject
		{D8C80B71-ED45-4296-8324-6B31710739E8} = {D8C80B71-ED45-4296-8324-6B31710739E8}
		{51A05E02-0B5D-462C-ACCC-E36D7BD41586} = {51A05E02-0B5D-462C-ACCC-E36D7BD41586}
		{C3350AC2-C2EA-4BF2-8F84-4B28EBA731E5} = {C3350AC2-C2EA-4BF2-8F84-4B28EBA731E5}
	EndProjectSection
EndProject
Project("{8BC9CEB8-8B4A-11D0-8D11-00A0C91BC942}") = "run_bsdtar_test", "tar\test\run_bsdtar_test.vcproj", "{DB7A97F8-9368-4251-ABD0-E533EE1BE4B2}"
	ProjectSection(ProjectDependencies) = postProject
		{D8C80B71-ED45-4296-8324-6B31710739E8} = {D8C80B71-ED45-4296-8324-6B31710739E8}
		{A60EE7DA-D383-4E11-AD22-8A07648BB96E} = {A60EE7DA-D383-4E11-AD22-8A07648BB96E}
		{C1D21E7F-B2AD-4288-98D7-7C2EEC433411} = {C1D21E7F-B2AD-4288-98D7-7C2EEC433411}
	EndProjectSection
EndProject
Project("{8BC9CEB8-8B4A-11D0-8D11-00A0C91BC942}") = "run_libarchive_test", "libarchive\test\run_libarchive_test.vcproj", "{94693E70-1468-4345-9D32-F1F0B0776F8D}"
	ProjectSection(ProjectDependencies) = postProject
		{D8C80B71-ED45-4296-8324-6B31710739E8} = {D8C80B71-ED45-4296-8324-6B31710739E8}
		{D1D7C92D-8D55-484A-B67B-E3D8CEF9D182} = {D1D7C92D-8D55-484A-B67B-E3D8CEF9D182}
	EndProjectSection
EndProject
Global
	GlobalSection(SolutionConfigurationPlatforms) = preSolution
		Debug|Win32 = Debug|Win32
		Release|Win32 = Release|Win32
		MinSizeRel|Win32 = MinSizeRel|Win32
		RelWithDebInfo|Win32 = RelWithDebInfo|Win32
	EndGlobalSection
	GlobalSection(ProjectConfigurationPlatforms) = postSolution
		{C98A40FE-8266-4310-8294-CAFC8C5DBFD3}.Debug|Win32.ActiveCfg = Debug|Win32
		{C98A40FE-8266-4310-8294-CAFC8C5DBFD3}.Debug|Win32.Build.0 = Debug|Win32
		{C98A40FE-8266-4310-8294-CAFC8C5DBFD3}.Release|Win32.ActiveCfg = Release|Win32
		{C98A40FE-8266-4310-8294-CAFC8C5DBFD3}.Release|Win32.Build.0 = Release|Win32
		{C98A40FE-8266-4310-8294-CAFC8C5DBFD3}.MinSizeRel|Win32.ActiveCfg = MinSizeRel|Win32
		{C98A40FE-8266-4310-8294-CAFC8C5DBFD3}.MinSizeRel|Win32.Build.0 = MinSizeRel|Win32
		{C98A40FE-8266-4310-8294-CAFC8C5DBFD3}.RelWithDebInfo|Win32.ActiveCfg = RelWithDebInfo|Win32
		{C98A40FE-8266-4310-8294-CAFC8C5DBFD3}.RelWithDebInfo|Win32.Build.0 = RelWithDebInfo|Win32
		{2D51F328-774D-44FC-976C-8896E8E2F451}.Debug|Win32.ActiveCfg = Debug|Win32
		{2D51F328-774D-44FC-976C-8896E8E2F451}.Release|Win32.ActiveCfg = Release|Win32
		{2D51F328-774D-44FC-976C-8896E8E2F451}.MinSizeRel|Win32.ActiveCfg = MinSizeRel|Win32
		{2D51F328-774D-44FC-976C-8896E8E2F451}.RelWithDebInfo|Win32.ActiveCfg = RelWithDebInfo|Win32
		{45D69DFC-E8AD-431B-9400-E658525366AD}.Debug|Win32.ActiveCfg = Debug|Win32
		{45D69DFC-E8AD-431B-9400-E658525366AD}.Release|Win32.ActiveCfg = Release|Win32
		{45D69DFC-E8AD-431B-9400-E658525366AD}.MinSizeRel|Win32.ActiveCfg = MinSizeRel|Win32
		{45D69DFC-E8AD-431B-9400-E658525366AD}.RelWithDebInfo|Win32.ActiveCfg = RelWithDebInfo|Win32
		{14E44CA7-5500-4DAF-BAB1-23C22C867D18}.Debug|Win32.ActiveCfg = Debug|Win32
		{14E44CA7-5500-4DAF-BAB1-23C22C867D18}.Release|Win32.ActiveCfg = Release|Win32
		{14E44CA7-5500-4DAF-BAB1-23C22C867D18}.MinSizeRel|Win32.ActiveCfg = MinSizeRel|Win32
		{14E44CA7-5500-4DAF-BAB1-23C22C867D18}.RelWithDebInfo|Win32.ActiveCfg = RelWithDebInfo|Win32
		{BA1CBA9D-A152-487D-91DC-8F4EA50E71BC}.Debug|Win32.ActiveCfg = Debug|Win32
		{BA1CBA9D-A152-487D-91DC-8F4EA50E71BC}.Release|Win32.ActiveCfg = Release|Win32
		{BA1CBA9D-A152-487D-91DC-8F4EA50E71BC}.MinSizeRel|Win32.ActiveCfg = MinSizeRel|Win32
		{BA1CBA9D-A152-487D-91DC-8F4EA50E71BC}.RelWithDebInfo|Win32.ActiveCfg = RelWithDebInfo|Win32
		{C8A910EC-046C-495D-ABF4-3C9D9257248C}.Debug|Win32.ActiveCfg = Debug|Win32
		{C8A910EC-046C-495D-ABF4-3C9D9257248C}.Release|Win32.ActiveCfg = Release|Win32
		{C8A910EC-046C-495D-ABF4-3C9D9257248C}.MinSizeRel|Win32.ActiveCfg = MinSizeRel|Win32
		{C8A910EC-046C-495D-ABF4-3C9D9257248C}.RelWithDebInfo|Win32.ActiveCfg = RelWithDebInfo|Win32
		{2E8517E5-B383-4E5E-A30D-37EB4C3930C1}.Debug|Win32.ActiveCfg = Debug|Win32
		{2E8517E5-B383-4E5E-A30D-37EB4C3930C1}.Release|Win32.ActiveCfg = Release|Win32
		{2E8517E5-B383-4E5E-A30D-37EB4C3930C1}.MinSizeRel|Win32.ActiveCfg = MinSizeRel|Win32
		{2E8517E5-B383-4E5E-A30D-37EB4C3930C1}.RelWithDebInfo|Win32.ActiveCfg = RelWithDebInfo|Win32
		{D8C80B71-ED45-4296-8324-6B31710739E8}.Debug|Win32.ActiveCfg = Debug|Win32
		{D8C80B71-ED45-4296-8324-6B31710739E8}.Debug|Win32.Build.0 = Debug|Win32
		{D8C80B71-ED45-4296-8324-6B31710739E8}.Release|Win32.ActiveCfg = Release|Win32
		{D8C80B71-ED45-4296-8324-6B31710739E8}.Release|Win32.Build.0 = Release|Win32
		{D8C80B71-ED45-4296-8324-6B31710739E8}.MinSizeRel|Win32.ActiveCfg = MinSizeRel|Win32
		{D8C80B71-ED45-4296-8324-6B31710739E8}.MinSizeRel|Win32.Build.0 = MinSizeRel|Win32
		{D8C80B71-ED45-4296-8324-6B31710739E8}.RelWithDebInfo|Win32.ActiveCfg = RelWithDebInfo|Win32
		{D8C80B71-ED45-4296-8324-6B31710739E8}.RelWithDebInfo|Win32.Build.0 = RelWithDebInfo|Win32
		{A443E642-131F-464C-8D5D-89FD3ACF3DEC}.Debug|Win32.ActiveCfg = Debug|Win32
		{A443E642-131F-464C-8D5D-89FD3ACF3DEC}.Debug|Win32.Build.0 = Debug|Win32
		{A443E642-131F-464C-8D5D-89FD3ACF3DEC}.Release|Win32.ActiveCfg = Release|Win32
		{A443E642-131F-464C-8D5D-89FD3ACF3DEC}.Release|Win32.Build.0 = Release|Win32
		{A443E642-131F-464C-8D5D-89FD3ACF3DEC}.MinSizeRel|Win32.ActiveCfg = MinSizeRel|Win32
		{A443E642-131F-464C-8D5D-89FD3ACF3DEC}.MinSizeRel|Win32.Build.0 = MinSizeRel|Win32
		{A443E642-131F-464C-8D5D-89FD3ACF3DEC}.RelWithDebInfo|Win32.ActiveCfg = RelWithDebInfo|Win32
		{A443E642-131F-464C-8D5D-89FD3ACF3DEC}.RelWithDebInfo|Win32.Build.0 = RelWithDebInfo|Win32
		{AFFF2C4C-E7F5-4E3D-A9F4-90A968F67732}.Debug|Win32.ActiveCfg = Debug|Win32
		{AFFF2C4C-E7F5-4E3D-A9F4-90A968F67732}.Debug|Win32.Build.0 = Debug|Win32
		{AFFF2C4C-E7F5-4E3D-A9F4-90A968F67732}.Release|Win32.ActiveCfg = Release|Win32
		{AFFF2C4C-E7F5-4E3D-A9F4-90A968F67732}.Release|Win32.Build.0 = Release|Win32
		{AFFF2C4C-E7F5-4E3D-A9F4-90A968F67732}.MinSizeRel|Win32.ActiveCfg = MinSizeRel|Win32
		{AFFF2C4C-E7F5-4E3D-A9F4-90A968F67732}.MinSizeRel|Win32.Build.0 = MinSizeRel|Win32
		{AFFF2C4C-E7F5-4E3D-A9F4-90A968F67732}.RelWithDebInfo|Win32.ActiveCfg = RelWithDebInfo|Win32
		{AFFF2C4C-E7F5-4E3D-A9F4-90A968F67732}.RelWithDebInfo|Win32.Build.0 = RelWithDebInfo|Win32
		{51A05E02-0B5D-462C-ACCC-E36D7BD41586}.Debug|Win32.ActiveCfg = Debug|Win32
		{51A05E02-0B5D-462C-ACCC-E36D7BD41586}.Debug|Win32.Build.0 = Debug|Win32
		{51A05E02-0B5D-462C-ACCC-E36D7BD41586}.Release|Win32.ActiveCfg = Release|Win32
		{51A05E02-0B5D-462C-ACCC-E36D7BD41586}.Release|Win32.Build.0 = Release|Win32
		{51A05E02-0B5D-462C-ACCC-E36D7BD41586}.MinSizeRel|Win32.ActiveCfg = MinSizeRel|Win32
		{51A05E02-0B5D-462C-ACCC-E36D7BD41586}.MinSizeRel|Win32.Build.0 = MinSizeRel|Win32
		{51A05E02-0B5D-462C-ACCC-E36D7BD41586}.RelWithDebInfo|Win32.ActiveCfg = RelWithDebInfo|Win32
		{51A05E02-0B5D-462C-ACCC-E36D7BD41586}.RelWithDebInfo|Win32.Build.0 = RelWithDebInfo|Win32
		{C3350AC2-C2EA-4BF2-8F84-4B28EBA731E5}.Debug|Win32.ActiveCfg = Debug|Win32
		{C3350AC2-C2EA-4BF2-8F84-4B28EBA731E5}.Debug|Win32.Build.0 = Debug|Win32
		{C3350AC2-C2EA-4BF2-8F84-4B28EBA731E5}.Release|Win32.ActiveCfg = Release|Win32
		{C3350AC2-C2EA-4BF2-8F84-4B28EBA731E5}.Release|Win32.Build.0 = Release|Win32
		{C3350AC2-C2EA-4BF2-8F84-4B28EBA731E5}.MinSizeRel|Win32.ActiveCfg = MinSizeRel|Win32
		{C3350AC2-C2EA-4BF2-8F84-4B28EBA731E5}.MinSizeRel|Win32.Build.0 = MinSizeRel|Win32
		{C3350AC2-C2EA-4BF2-8F84-4B28EBA731E5}.RelWithDebInfo|Win32.ActiveCfg = RelWithDebInfo|Win32
		{C3350AC2-C2EA-4BF2-8F84-4B28EBA731E5}.RelWithDebInfo|Win32.Build.0 = RelWithDebInfo|Win32
		{A60EE7DA-D383-4E11-AD22-8A07648BB96E}.Debug|Win32.ActiveCfg = Debug|Win32
		{A60EE7DA-D383-4E11-AD22-8A07648BB96E}.Debug|Win32.Build.0 = Debug|Win32
		{A60EE7DA-D383-4E11-AD22-8A07648BB96E}.Release|Win32.ActiveCfg = Release|Win32
		{A60EE7DA-D383-4E11-AD22-8A07648BB96E}.Release|Win32.Build.0 = Release|Win32
		{A60EE7DA-D383-4E11-AD22-8A07648BB96E}.MinSizeRel|Win32.ActiveCfg = MinSizeRel|Win32
		{A60EE7DA-D383-4E11-AD22-8A07648BB96E}.MinSizeRel|Win32.Build.0 = MinSizeRel|Win32
		{A60EE7DA-D383-4E11-AD22-8A07648BB96E}.RelWithDebInfo|Win32.ActiveCfg = RelWithDebInfo|Win32
		{A60EE7DA-D383-4E11-AD22-8A07648BB96E}.RelWithDebInfo|Win32.Build.0 = RelWithDebInfo|Win32
		{C1D21E7F-B2AD-4288-98D7-7C2EEC433411}.Debug|Win32.ActiveCfg = Debug|Win32
		{C1D21E7F-B2AD-4288-98D7-7C2EEC433411}.Debug|Win32.Build.0 = Debug|Win32
		{C1D21E7F-B2AD-4288-98D7-7C2EEC433411}.Release|Win32.ActiveCfg = Release|Win32
		{C1D21E7F-B2AD-4288-98D7-7C2EEC433411}.Release|Win32.Build.0 = Release|Win32
		{C1D21E7F-B2AD-4288-98D7-7C2EEC433411}.MinSizeRel|Win32.ActiveCfg = MinSizeRel|Win32
		{C1D21E7F-B2AD-4288-98D7-7C2EEC433411}.MinSizeRel|Win32.Build.0 = MinSizeRel|Win32
		{C1D21E7F-B2AD-4288-98D7-7C2EEC433411}.RelWithDebInfo|Win32.ActiveCfg = RelWithDebInfo|Win32
		{C1D21E7F-B2AD-4288-98D7-7C2EEC433411}.RelWithDebInfo|Win32.Build.0 = RelWithDebInfo|Win32
		{D1D7C92D-8D55-484A-B67B-E3D8CEF9D182}.Debug|Win32.ActiveCfg = Debug|Win32
		{D1D7C92D-8D55-484A-B67B-E3D8CEF9D182}.Debug|Win32.Build.0 = Debug|Win32
		{D1D7C92D-8D55-484A-B67B-E3D8CEF9D182}.Release|Win32.ActiveCfg = Release|Win32
		{D1D7C92D-8D55-484A-B67B-E3D8CEF9D182}.Release|Win32.Build.0 = Release|Win32
		{D1D7C92D-8D55-484A-B67B-E3D8CEF9D182}.MinSizeRel|Win32.ActiveCfg = MinSizeRel|Win32
		{D1D7C92D-8D55-484A-B67B-E3D8CEF9D182}.MinSizeRel|Win32.Build.0 = MinSizeRel|Win32
		{D1D7C92D-8D55-484A-B67B-E3D8CEF9D182}.RelWithDebInfo|Win32.ActiveCfg = RelWithDebInfo|Win32
		{D1D7C92D-8D55-484A-B67B-E3D8CEF9D182}.RelWithDebInfo|Win32.Build.0 = RelWithDebInfo|Win32
		{A1824246-B5AB-4A4C-BD77-47D5872D30A9}.Debug|Win32.ActiveCfg = Debug|Win32
		{A1824246-B5AB-4A4C-BD77-47D5872D30A9}.Release|Win32.ActiveCfg = Release|Win32
		{A1824246-B5AB-4A4C-BD77-47D5872D30A9}.MinSizeRel|Win32.ActiveCfg = MinSizeRel|Win32
		{A1824246-B5AB-4A4C-BD77-47D5872D30A9}.RelWithDebInfo|Win32.ActiveCfg = RelWithDebInfo|Win32
		{E0EFC301-9265-4F98-974B-C1C7B1D1E1C3}.Debug|Win32.ActiveCfg = Debug|Win32
		{E0EFC301-9265-4F98-974B-C1C7B1D1E1C3}.Debug|Win32.Build.0 = Debug|Win32
		{E0EFC301-9265-4F98-974B-C1C7B1D1E1C3}.Release|Win32.ActiveCfg = Release|Win32
		{E0EFC301-9265-4F98-974B-C1C7B1D1E1C3}.Release|Win32.Build.0 = Release|Win32
		{E0EFC301-9265-4F98-974B-C1C7B1D1E1C3}.MinSizeRel|Win32.ActiveCfg = MinSizeRel|Win32
		{E0EFC301-9265-4F98-974B-C1C7B1D1E1C3}.MinSizeRel|Win32.Build.0 = MinSizeRel|Win32
		{E0EFC301-9265-4F98-974B-C1C7B1D1E1C3}.RelWithDebInfo|Win32.ActiveCfg = RelWithDebInfo|Win32
		{E0EFC301-9265-4F98-974B-C1C7B1D1E1C3}.RelWithDebInfo|Win32.Build.0 = RelWithDebInfo|Win32
		{DB7A97F8-9368-4251-ABD0-E533EE1BE4B2}.Debug|Win32.ActiveCfg = Debug|Win32
		{DB7A97F8-9368-4251-ABD0-E533EE1BE4B2}.Debug|Win32.Build.0 = Debug|Win32
		{DB7A97F8-9368-4251-ABD0-E533EE1BE4B2}.Release|Win32.ActiveCfg = Release|Win32
		{DB7A97F8-9368-4251-ABD0-E533EE1BE4B2}.Release|Win32.Build.0 = Release|Win32
		{DB7A97F8-9368-4251-ABD0-E533EE1BE4B2}.MinSizeRel|Win32.ActiveCfg = MinSizeRel|Win32
		{DB7A97F8-9368-4251-ABD0-E533EE1BE4B2}.MinSizeRel|Win32.Build.0 = MinSizeRel|Win32
		{DB7A97F8-9368-4251-ABD0-E533EE1BE4B2}.RelWithDebInfo|Win32.ActiveCfg = RelWithDebInfo|Win32
		{DB7A97F8-9368-4251-ABD0-E533EE1BE4B2}.RelWithDebInfo|Win32.Build.0 = RelWithDebInfo|Win32
		{94693E70-1468-4345-9D32-F1F0B0776F8D}.Debug|Win32.ActiveCfg = Debug|Win32
		{94693E70-1468-4345-9D32-F1F0B0776F8D}.Debug|Win32.Build.0 = Debug|Win32
		{94693E70-1468-4345-9D32-F1F0B0776F8D}.Release|Win32.ActiveCfg = Release|Win32
		{94693E70-1468-4345-9D32-F1F0B0776F8D}.Release|Win32.Build.0 = Release|Win32
		{94693E70-1468-4345-9D32-F1F0B0776F8D}.MinSizeRel|Win32.ActiveCfg = MinSizeRel|Win32
		{94693E70-1468-4345-9D32-F1F0B0776F8D}.MinSizeRel|Win32.Build.0 = MinSizeRel|Win32
		{94693E70-1468-4345-9D32-F1F0B0776F8D}.RelWithDebInfo|Win32.ActiveCfg = RelWithDebInfo|Win32
		{94693E70-1468-4345-9D32-F1F0B0776F8D}.RelWithDebInfo|Win32.Build.0 = RelWithDebInfo|Win32
	EndGlobalSection
	GlobalSection(ExtensibilityGlobals) = postSolution
	EndGlobalSection
	GlobalSection(ExtensibilityAddIns) = postSolution
	EndGlobalSection
EndGlobal
