
Microsoft Visual Studio Solution File, Format Version 9.00
# Visual Studio 2005
Project("{8BC9CEB8-8B4A-11D0-8D11-00A0C91BC942}") = "LucidApplicationBuilder", "LucidApplicationBuilder.vcproj", "{1191E491-C6B0-45E5-8DB9-F10E1902079B}"
EndProject
Global
	GlobalSection(SolutionConfigurationPlatforms) = preSolution
		Debug|Win32 = Debug|Win32
		LGB|Win32 = LGB|Win32
		Release|Win32 = Release|Win32
	EndGlobalSection
	GlobalSection(ProjectConfigurationPlatforms) = postSolution
		{1191E491-C6B0-45E5-8DB9-F10E1902079B}.Debug|Win32.ActiveCfg = Debug|Win32
		{1191E491-C6B0-45E5-8DB9-F10E1902079B}.Debug|Win32.Build.0 = Debug|Win32
		{1191E491-C6B0-45E5-8DB9-F10E1902079B}.LGB|Win32.ActiveCfg = LGB|Win32
		{1191E491-C6B0-45E5-8DB9-F10E1902079B}.LGB|Win32.Build.0 = LGB|Win32
		{1191E491-C6B0-45E5-8DB9-F10E1902079B}.Release|Win32.ActiveCfg = Release|Win32
		{1191E491-C6B0-45E5-8DB9-F10E1902079B}.Release|Win32.Build.0 = Release|Win32
	EndGlobalSection
	GlobalSection(SolutionProperties) = preSolution
		HideSolutionNode = FALSE
	EndGlobalSection
EndGlobal
