
Microsoft Visual Studio Solution File, Format Version 9.00
# Visual Studio 2005
Project("{8BC9CEB8-8B4A-11D0-8D11-00A0C91BC942}") = "LucidGUIBuilder", "LucidGUIBuilder.vcproj", "{F2597A9C-7B2B-4EEB-8F1E-5673E387B917}"
EndProject
Global
	GlobalSection(SolutionConfigurationPlatforms) = preSolution
		Debug|Win32 = Debug|Win32
		Release|Win32 = Release|Win32
	EndGlobalSection
	GlobalSection(ProjectConfigurationPlatforms) = postSolution
		{F2597A9C-7B2B-4EEB-8F1E-5673E387B917}.Debug|Win32.ActiveCfg = Debug|Win32
		{F2597A9C-7B2B-4EEB-8F1E-5673E387B917}.Debug|Win32.Build.0 = Debug|Win32
		{F2597A9C-7B2B-4EEB-8F1E-5673E387B917}.Release|Win32.ActiveCfg = Release|Win32
		{F2597A9C-7B2B-4EEB-8F1E-5673E387B917}.Release|Win32.Build.0 = Release|Win32
	EndGlobalSection
	GlobalSection(SolutionProperties) = preSolution
		HideSolutionNode = FALSE
	EndGlobalSection
EndGlobal
